
Microsoft Visual Studio Solution File, Format Version 12.00
# Visual Studio Version 17
VisualStudioVersion = 17.6.33829.357
MinimumVisualStudioVersion = 10.0.40219.1
Project("{FAE04EC0-301F-11D3-BF4B-00C04F79EFBC}") = "neverland.aliyun.ddns", "neverland.aliyun.ddns.csproj", "{93AD428E-EC4F-41BF-BEF5-E540436A87E9}"
EndProject
Project("{2150E333-8FDC-42A3-9474-1A3956D46DE8}") = "解决方案项", "解决方案项", "{8BDF1BCB-D41B-4402-AC4D-4204F1396380}"
EndProject
Global
	GlobalSection(SolutionConfigurationPlatforms) = preSolution
		Debug|Any CPU = Debug|Any CPU
		Release|Any CPU = Release|Any CPU
	EndGlobalSection
	GlobalSection(ProjectConfigurationPlatforms) = postSolution
		{93AD428E-EC4F-41BF-BEF5-E540436A87E9}.Debug|Any CPU.ActiveCfg = Debug|Any CPU
		{93AD428E-EC4F-41BF-BEF5-E540436A87E9}.Debug|Any CPU.Build.0 = Debug|Any CPU
		{93AD428E-EC4F-41BF-BEF5-E540436A87E9}.Release|Any CPU.ActiveCfg = Release|Any CPU
		{93AD428E-EC4F-41BF-BEF5-E540436A87E9}.Release|Any CPU.Build.0 = Release|Any CPU
	EndGlobalSection
	GlobalSection(SolutionProperties) = preSolution
		HideSolutionNode = FALSE
	EndGlobalSection
	GlobalSection(ExtensibilityGlobals) = postSolution
		SolutionGuid = {E2C42935-451F-4E07-BD59-051B5A5FE0FC}
	EndGlobalSection
EndGlobal
